
Microsoft Visual Studio Solution File, Format Version 12.00
# Visual Studio 15
VisualStudioVersion = 15.0.28307.705
MinimumVisualStudioVersion = 10.0.40219.1
Project("{FAE04EC0-301F-11D3-BF4B-00C04F79EFBC}") = "CSharp", "CSharp\CSharp.csproj", "{578599AB-5FAE-4695-BE2F-B1FA25D287BC}"
EndProject
Project("{FAE04EC0-301F-11D3-BF4B-00C04F79EFBC}") = "PlotToPDF", "PlotToPDF\PlotToPDF.csproj", "{96096532-519F-4256-AE80-711B144DC758}"
EndProject
Project("{FAE04EC0-301F-11D3-BF4B-00C04F79EFBC}") = "PrintPdf", "PrintPdf\PrintPdf.csproj", "{75C162AE-4396-42E8-AE35-6204BD90E9B7}"
EndProject
Global
	GlobalSection(SolutionConfigurationPlatforms) = preSolution
		Debug|Any CPU = Debug|Any CPU
		Release|Any CPU = Release|Any CPU
	EndGlobalSection
	GlobalSection(ProjectConfigurationPlatforms) = postSolution
		{578599AB-5FAE-4695-BE2F-B1FA25D287BC}.Debug|Any CPU.ActiveCfg = Debug|Any CPU
		{578599AB-5FAE-4695-BE2F-B1FA25D287BC}.Debug|Any CPU.Build.0 = Debug|Any CPU
		{578599AB-5FAE-4695-BE2F-B1FA25D287BC}.Release|Any CPU.ActiveCfg = Release|Any CPU
		{578599AB-5FAE-4695-BE2F-B1FA25D287BC}.Release|Any CPU.Build.0 = Release|Any CPU
		{96096532-519F-4256-AE80-711B144DC758}.Debug|Any CPU.ActiveCfg = Debug|Any CPU
		{96096532-519F-4256-AE80-711B144DC758}.Debug|Any CPU.Build.0 = Debug|Any CPU
		{96096532-519F-4256-AE80-711B144DC758}.Release|Any CPU.ActiveCfg = Release|Any CPU
		{96096532-519F-4256-AE80-711B144DC758}.Release|Any CPU.Build.0 = Release|Any CPU
		{75C162AE-4396-42E8-AE35-6204BD90E9B7}.Debug|Any CPU.ActiveCfg = Debug|Any CPU
		{75C162AE-4396-42E8-AE35-6204BD90E9B7}.Debug|Any CPU.Build.0 = Debug|Any CPU
		{75C162AE-4396-42E8-AE35-6204BD90E9B7}.Release|Any CPU.ActiveCfg = Release|Any CPU
		{75C162AE-4396-42E8-AE35-6204BD90E9B7}.Release|Any CPU.Build.0 = Release|Any CPU
	EndGlobalSection
	GlobalSection(SolutionProperties) = preSolution
		HideSolutionNode = FALSE
	EndGlobalSection
	GlobalSection(ExtensibilityGlobals) = postSolution
		SolutionGuid = {20393FA6-3CF1-4C56-B708-A8421C145891}
	EndGlobalSection
EndGlobal
